{
  "originHash" : "479bf30be0dafe578135bc82308874ddcd997249ac6089cdba9ce1584676aec5",
  "pins" : [
    {
      "identity" : "izzidateformatter",
      "kind" : "remoteSourceControl",
      "location" : "https://github.com/Desp0o/izziDateFormatter.git",
      "state" : {
        "branch" : "main",
        "revision" : "cf7f8ffffcec0ee80160b070ac1b077e15b7eaa2"
      }
    },
    {
      "identity" : "simplekeychain",
      "kind" : "remoteSourceControl",
      "location" : "https://github.com/auth0/SimpleKeychain",
      "state" : {
        "revision" : "b694f155907b189bc82e93586695a26f558c742f",
        "version" : "1.2.0"
      }
    },
    {
      "identity" : "webservice",
      "kind" : "remoteSourceControl",
      "location" : "https://github.com/Desp0o/webService.git",
      "state" : {
        "branch" : "master",
        "revision" : "87ed35af9a7bc1293775fda1d30874e4dbf9b3a2"
      }
    }
  ],
  "version" : 3
}
