{
  "originHash" : "48150c393353723d0336c8dba4a67ee785c8a850026a2e4d3e55fd236c75986d",
  "pins" : [
    {
      "identity" : "izzidateformatter",
      "kind" : "remoteSourceControl",
      "location" : "https://github.com/Desp0o/izziDateFormatter.git",
      "state" : {
        "branch" : "main",
        "revision" : "cf7f8ffffcec0ee80160b070ac1b077e15b7eaa2"
      }
    },
    {
      "identity" : "webservice",
      "kind" : "remoteSourceControl",
      "location" : "https://github.com/Desp0o/webService.git",
      "state" : {
        "branch" : "master",
        "revision" : "e8a29a53c1ba24b410860813a7b4ade77d0e88d0"
      }
    }
  ],
  "version" : 3
}
